
Microsoft Visual Studio Solution File, Format Version 12.00
# Visual Studio Version 17
VisualStudioVersion = 17.7.34031.279
MinimumVisualStudioVersion = 10.0.40219.1
Project("{9A19103F-16F7-4668-BE54-9A1E7A4F7556}") = "RamiloAlonsoSaraTarea4", "RamiloAlonsoSaraTarea4.csproj", "{C2F5367F-D494-4F25-9FAC-E35384CB87A7}"
EndProject
Global
	GlobalSection(SolutionConfigurationPlatforms) = preSolution
		Debug|Any CPU = Debug|Any CPU
		Release|Any CPU = Release|Any CPU
	EndGlobalSection
	GlobalSection(ProjectConfigurationPlatforms) = postSolution
		{C2F5367F-D494-4F25-9FAC-E35384CB87A7}.Debug|Any CPU.ActiveCfg = Debug|Any CPU
		{C2F5367F-D494-4F25-9FAC-E35384CB87A7}.Debug|Any CPU.Build.0 = Debug|Any CPU
		{C2F5367F-D494-4F25-9FAC-E35384CB87A7}.Release|Any CPU.ActiveCfg = Release|Any CPU
		{C2F5367F-D494-4F25-9FAC-E35384CB87A7}.Release|Any CPU.Build.0 = Release|Any CPU
	EndGlobalSection
	GlobalSection(SolutionProperties) = preSolution
		HideSolutionNode = FALSE
	EndGlobalSection
	GlobalSection(ExtensibilityGlobals) = postSolution
		SolutionGuid = {D45B22EA-947F-4D2B-A3F8-F77C00282704}
	EndGlobalSection
EndGlobal
